// !$*UTF8*$!
{
	archiveVersion = 1;
	classes = {
	};
	objectVersion = 46;
	objects = {

/* Begin PBXBuildFile section */
		96393F221E6E2B2B00B29B96 /* AppDelegate.swift in Sources */ = {isa = PBXBuildFile; fileRef = 96393F211E6E2B2B00B29B96 /* AppDelegate.swift */; };
		96393F241E6E2B2B00B29B96 /* ViewController.swift in Sources */ = {isa = PBXBuildFile; fileRef = 96393F231E6E2B2B00B29B96 /* ViewController.swift */; };
		96393F271E6E2B2B00B29B96 /* Main.storyboard in Resources */ = {isa = PBXBuildFile; fileRef = 96393F251E6E2B2B00B29B96 /* Main.storyboard */; };
		96393F291E6E2B2B00B29B96 /* Assets.xcassets in Resources */ = {isa = PBXBuildFile; fileRef = 96393F281E6E2B2B00B29B96 /* Assets.xcassets */; };
		96393F2C1E6E2B2B00B29B96 /* LaunchScreen.storyboard in Resources */ = {isa = PBXBuildFile; fileRef = 96393F2A1E6E2B2B00B29B96 /* LaunchScreen.storyboard */; };
		96393F371E6E2B2B00B29B96 /* UNITITests.swift in Sources */ = {isa = PBXBuildFile; fileRef = 96393F361E6E2B2B00B29B96 /* UNITITests.swift */; };
		96393F421E6E2B2B00B29B96 /* UNITIUITests.swift in Sources */ = {isa = PBXBuildFile; fileRef = 96393F411E6E2B2B00B29B96 /* UNITIUITests.swift */; };
/* End PBXBuildFile section */

/* Begin PBXContainerItemProxy section */
		96393F331E6E2B2B00B29B96 /* PBXContainerItemProxy */ = {
			isa = PBXContainerItemProxy;
			containerPortal = 96393F161E6E2B2B00B29B96 /* Project object */;
			proxyType = 1;
			remoteGlobalIDString = 96393F1D1E6E2B2B00B29B96;
			remoteInfo = UNITI;
		};
		96393F3E1E6E2B2B00B29B96 /* PBXContainerItemProxy */ = {
			isa = PBXContainerItemProxy;
			containerPortal = 96393F161E6E2B2B00B29B96 /* Project object */;
			proxyType = 1;
			remoteGlobalIDString = 96393F1D1E6E2B2B00B29B96;
			remoteInfo = UNITI;
		};
/* End PBXContainerItemProxy section */

/* Begin PBXFileReference section */
		96393F1E1E6E2B2B00B29B96 /* UNITI.app */ = {isa = PBXFileReference; explicitFileType = wrapper.application; includeInIndex = 0; path = UNITI.app; sourceTree = BUILT_PRODUCTS_DIR; };
		96393F211E6E2B2B00B29B96 /* AppDelegate.swift */ = {isa = PBXFileReference; lastKnownFileType = sourcecode.swift; path = AppDelegate.swift; sourceTree = "<group>"; };
		96393F231E6E2B2B00B29B96 /* ViewController.swift */ = {isa = PBXFileReference; lastKnownFileType = sourcecode.swift; path = ViewController.swift; sourceTree = "<group>"; };
		96393F261E6E2B2B00B29B96 /* Base */ = {isa = PBXFileReference; lastKnownFileType = file.storyboard; name = Base; path = Base.lproj/Main.storyboard; sourceTree = "<group>"; };
		96393F281E6E2B2B00B29B96 /* Assets.xcassets */ = {isa = PBXFileReference; lastKnownFileType = folder.assetcatalog; path = Assets.xcassets; sourceTree = "<group>"; };
		96393F2B1E6E2B2B00B29B96 /* Base */ = {isa = PBXFileReference; lastKnownFileType = file.storyboard; name = Base; path = Base.lproj/LaunchScreen.storyboard; sourceTree = "<group>"; };
		96393F2D1E6E2B2B00B29B96 /* Info.plist */ = {isa = PBXFileReference; lastKnownFileType = text.plist.xml; path = Info.plist; sourceTree = "<group>"; };
		96393F321E6E2B2B00B29B96 /* UNITITests.xctest */ = {isa = PBXFileReference; explicitFileType = wrapper.cfbundle; includeInIndex = 0; path = UNITITests.xctest; sourceTree = BUILT_PRODUCTS_DIR; };
		96393F361E6E2B2B00B29B96 /* UNITITests.swift */ = {isa = PBXFileReference; lastKnownFileType = sourcecode.swift; path = UNITITests.swift; sourceTree = "<group>"; };
		96393F381E6E2B2B00B29B96 /* Info.plist */ = {isa = PBXFileReference; lastKnownFileType = text.plist.xml; path = Info.plist; sourceTree = "<group>"; };
		96393F3D1E6E2B2B00B29B96 /* UNITIUITests.xctest */ = {isa = PBXFileReference; explicitFileType = wrapper.cfbundle; includeInIndex = 0; path = UNITIUITests.xctest; sourceTree = BUILT_PRODUCTS_DIR; };
		96393F411E6E2B2B00B29B96 /* UNITIUITests.swift */ = {isa = PBXFileReference; lastKnownFileType = sourcecode.swift; path = UNITIUITests.swift; sourceTree = "<group>"; };
		96393F431E6E2B2B00B29B96 /* Info.plist */ = {isa = PBXFileReference; lastKnownFileType = text.plist.xml; path = Info.plist; sourceTree = "<group>"; };
/* End PBXFileReference section */

/* Begin PBXFrameworksBuildPhase section */
		96393F1B1E6E2B2B00B29B96 /* Frameworks */ = {
			isa = PBXFrameworksBuildPhase;
			buildActionMask = 2147483647;
			files = (
			);
			runOnlyForDeploymentPostprocessing = 0;
		};
		96393F2F1E6E2B2B00B29B96 /* Frameworks */ = {
			isa = PBXFrameworksBuildPhase;
			buildActionMask = 2147483647;
			files = (
			);
			runOnlyForDeploymentPostprocessing = 0;
		};
		96393F3A1E6E2B2B00B29B96 /* Frameworks */ = {
			isa = PBXFrameworksBuildPhase;
			buildActionMask = 2147483647;
			files = (
			);
			runOnlyForDeploymentPostprocessing = 0;
		};
/* End PBXFrameworksBuildPhase section */

/* Begin PBXGroup section */
		96393F151E6E2B2B00B29B96 = {
			isa = PBXGroup;
			children = (
				96393F201E6E2B2B00B29B96 /* UNITI */,
				96393F351E6E2B2B00B29B96 /* UNITITests */,
				96393F401E6E2B2B00B29B96 /* UNITIUITests */,
				96393F1F1E6E2B2B00B29B96 /* Products */,
			);
			sourceTree = "<group>";
		};
		96393F1F1E6E2B2B00B29B96 /* Products */ = {
			isa = PBXGroup;
			children = (
				96393F1E1E6E2B2B00B29B96 /* UNITI.app */,
				96393F321E6E2B2B00B29B96 /* UNITITests.xctest */,
				96393F3D1E6E2B2B00B29B96 /* UNITIUITests.xctest */,
			);
			name = Products;
			sourceTree = "<group>";
		};
		96393F201E6E2B2B00B29B96 /* UNITI */ = {
			isa = PBXGroup;
			children = (
				96393F211E6E2B2B00B29B96 /* AppDelegate.swift */,
				96393F231E6E2B2B00B29B96 /* ViewController.swift */,
				96393F251E6E2B2B00B29B96 /* Main.storyboard */,
				96393F281E6E2B2B00B29B96 /* Assets.xcassets */,
				96393F2A1E6E2B2B00B29B96 /* LaunchScreen.storyboard */,
				96393F2D1E6E2B2B00B29B96 /* Info.plist */,
			);
			path = UNITI;
			sourceTree = "<group>";
		};
		96393F351E6E2B2B00B29B96 /* UNITITests */ = {
			isa = PBXGroup;
			children = (
				96393F361E6E2B2B00B29B96 /* UNITITests.swift */,
				96393F381E6E2B2B00B29B96 /* Info.plist */,
			);
			path = UNITITests;
			sourceTree = "<group>";
		};
		96393F401E6E2B2B00B29B96 /* UNITIUITests */ = {
			isa = PBXGroup;
			children = (
				96393F411E6E2B2B00B29B96 /* UNITIUITests.swift */,
				96393F431E6E2B2B00B29B96 /* Info.plist */,
			);
			path = UNITIUITests;
			sourceTree = "<group>";
		};
/* End PBXGroup section */

/* Begin PBXNativeTarget section */
		96393F1D1E6E2B2B00B29B96 /* UNITI */ = {
			isa = PBXNativeTarget;
			buildConfigurationList = 96393F461E6E2B2B00B29B96 /* Build configuration list for PBXNativeTarget "UNITI" */;
			buildPhases = (
				96393F1A1E6E2B2B00B29B96 /* Sources */,
				96393F1B1E6E2B2B00B29B96 /* Frameworks */,
				96393F1C1E6E2B2B00B29B96 /* Resources */,
			);
			buildRules = (
			);
			dependencies = (
			);
			name = UNITI;
			productName = UNITI;
			productReference = 96393F1E1E6E2B2B00B29B96 /* UNITI.app */;
			productType = "com.apple.product-type.application";
		};
		96393F311E6E2B2B00B29B96 /* UNITITests */ = {
			isa = PBXNativeTarget;
			buildConfigurationList = 96393F491E6E2B2B00B29B96 /* Build configuration list for PBXNativeTarget "UNITITests" */;
			buildPhases = (
				96393F2E1E6E2B2B00B29B96 /* Sources */,
				96393F2F1E6E2B2B00B29B96 /* Frameworks */,
				96393F301E6E2B2B00B29B96 /* Resources */,
			);
			buildRules = (
			);
			dependencies = (
				96393F341E6E2B2B00B29B96 /* PBXTargetDependency */,
			);
			name = UNITITests;
			productName = UNITITests;
			productReference = 96393F321E6E2B2B00B29B96 /* UNITITests.xctest */;
			productType = "com.apple.product-type.bundle.unit-test";
		};
		96393F3C1E6E2B2B00B29B96 /* UNITIUITests */ = {
			isa = PBXNativeTarget;
			buildConfigurationList = 96393F4C1E6E2B2B00B29B96 /* Build configuration list for PBXNativeTarget "UNITIUITests" */;
			buildPhases = (
				96393F391E6E2B2B00B29B96 /* Sources */,
				96393F3A1E6E2B2B00B29B96 /* Frameworks */,
				96393F3B1E6E2B2B00B29B96 /* Resources */,
			);
			buildRules = (
			);
			dependencies = (
				96393F3F1E6E2B2B00B29B96 /* PBXTargetDependency */,
			);
			name = UNITIUITests;
			productName = UNITIUITests;
			productReference = 96393F3D1E6E2B2B00B29B96 /* UNITIUITests.xctest */;
			productType = "com.apple.product-type.bundle.ui-testing";
		};
/* End PBXNativeTarget section */

/* Begin PBXProject section */
		96393F161E6E2B2B00B29B96 /* Project object */ = {
			isa = PBXProject;
			attributes = {
				LastSwiftUpdateCheck = 0800;
				LastUpgradeCheck = 0800;
				ORGANIZATIONNAME = "Mike Bassili";
				TargetAttributes = {
					96393F1D1E6E2B2B00B29B96 = {
						CreatedOnToolsVersion = 8.0;
						ProvisioningStyle = Automatic;
					};
					96393F311E6E2B2B00B29B96 = {
						CreatedOnToolsVersion = 8.0;
						ProvisioningStyle = Automatic;
						TestTargetID = 96393F1D1E6E2B2B00B29B96;
					};
					96393F3C1E6E2B2B00B29B96 = {
						CreatedOnToolsVersion = 8.0;
						ProvisioningStyle = Automatic;
						TestTargetID = 96393F1D1E6E2B2B00B29B96;
					};
				};
			};
			buildConfigurationList = 96393F191E6E2B2B00B29B96 /* Build configuration list for PBXProject "UNITI" */;
			compatibilityVersion = "Xcode 3.2";
			developmentRegion = English;
			hasScannedForEncodings = 0;
			knownRegions = (
				en,
				Base,
			);
			mainGroup = 96393F151E6E2B2B00B29B96;
			productRefGroup = 96393F1F1E6E2B2B00B29B96 /* Products */;
			projectDirPath = "";
			projectRoot = "";
			targets = (
				96393F1D1E6E2B2B00B29B96 /* UNITI */,
				96393F311E6E2B2B00B29B96 /* UNITITests */,
				96393F3C1E6E2B2B00B29B96 /* UNITIUITests */,
			);
		};
/* End PBXProject section */

/* Begin PBXResourcesBuildPhase section */
		96393F1C1E6E2B2B00B29B96 /* Resources */ = {
			isa = PBXResourcesBuildPhase;
			buildActionMask = 2147483647;
			files = (
				96393F2C1E6E2B2B00B29B96 /* LaunchScreen.storyboard in Resources */,
				96393F291E6E2B2B00B29B96 /* Assets.xcassets in Resources */,
				96393F271E6E2B2B00B29B96 /* Main.storyboard in Resources */,
			);
			runOnlyForDeploymentPostprocessing = 0;
		};
		96393F301E6E2B2B00B29B96 /* Resources */ = {
			isa = PBXResourcesBuildPhase;
			buildActionMask = 2147483647;
			files = (
			);
			runOnlyForDeploymentPostprocessing = 0;
		};
		96393F3B1E6E2B2B00B29B96 /* Resources */ = {
			isa = PBXResourcesBuildPhase;
			buildActionMask = 2147483647;
			files = (
			);
			runOnlyForDeploymentPostprocessing = 0;
		};
/* End PBXResourcesBuildPhase section */

/* Begin PBXSourcesBuildPhase section */
		96393F1A1E6E2B2B00B29B96 /* Sources */ = {
			isa = PBXSourcesBuildPhase;
			buildActionMask = 2147483647;
			files = (
				96393F241E6E2B2B00B29B96 /* ViewController.swift in Sources */,
				96393F221E6E2B2B00B29B96 /* AppDelegate.swift in Sources */,
			);
			runOnlyForDeploymentPostprocessing = 0;
		};
		96393F2E1E6E2B2B00B29B96 /* Sources */ = {
			isa = PBXSourcesBuildPhase;
			buildActionMask = 2147483647;
			files = (
				96393F371E6E2B2B00B29B96 /* UNITITests.swift in Sources */,
			);
			runOnlyForDeploymentPostprocessing = 0;
		};
		96393F391E6E2B2B00B29B96 /* Sources */ = {
			isa = PBXSourcesBuildPhase;
			buildActionMask = 2147483647;
			files = (
				96393F421E6E2B2B00B29B96 /* UNITIUITests.swift in Sources */,
			);
			runOnlyForDeploymentPostprocessing = 0;
		};
/* End PBXSourcesBuildPhase section */

/* Begin PBXTargetDependency section */
		96393F341E6E2B2B00B29B96 /* PBXTargetDependency */ = {
			isa = PBXTargetDependency;
			target = 96393F1D1E6E2B2B00B29B96 /* UNITI */;
			targetProxy = 96393F331E6E2B2B00B29B96 /* PBXContainerItemProxy */;
		};
		96393F3F1E6E2B2B00B29B96 /* PBXTargetDependency */ = {
			isa = PBXTargetDependency;
			target = 96393F1D1E6E2B2B00B29B96 /* UNITI */;
			targetProxy = 96393F3E1E6E2B2B00B29B96 /* PBXContainerItemProxy */;
		};
/* End PBXTargetDependency section */

/* Begin PBXVariantGroup section */
		96393F251E6E2B2B00B29B96 /* Main.storyboard */ = {
			isa = PBXVariantGroup;
			children = (
				96393F261E6E2B2B00B29B96 /* Base */,
			);
			name = Main.storyboard;
			sourceTree = "<group>";
		};
		96393F2A1E6E2B2B00B29B96 /* LaunchScreen.storyboard */ = {
			isa = PBXVariantGroup;
			children = (
				96393F2B1E6E2B2B00B29B96 /* Base */,
			);
			name = LaunchScreen.storyboard;
			sourceTree = "<group>";
		};
/* End PBXVariantGroup section */

/* Begin XCBuildConfiguration section */
		96393F441E6E2B2B00B29B96 /* Debug */ = {
			isa = XCBuildConfiguration;
			buildSettings = {
				ALWAYS_SEARCH_USER_PATHS = NO;
				CLANG_ANALYZER_NONNULL = YES;
				CLANG_CXX_LANGUAGE_STANDARD = "gnu++0x";
				CLANG_CXX_LIBRARY = "libc++";
				CLANG_ENABLE_MODULES = YES;
				CLANG_ENABLE_OBJC_ARC = YES;
				CLANG_WARN_BOOL_CONVERSION = YES;
				CLANG_WARN_CONSTANT_CONVERSION = YES;
				CLANG_WARN_DIRECT_OBJC_ISA_USAGE = YES_ERROR;
				CLANG_WARN_DOCUMENTATION_COMMENTS = YES;
				CLANG_WARN_EMPTY_BODY = YES;
				CLANG_WARN_ENUM_CONVERSION = YES;
				CLANG_WARN_INFINITE_RECURSION = YES;
				CLANG_WARN_INT_CONVERSION = YES;
				CLANG_WARN_OBJC_ROOT_CLASS = YES_ERROR;
				CLANG_WARN_SUSPICIOUS_MOVES = YES;
				CLANG_WARN_UNREACHABLE_CODE = YES;
				CLANG_WARN__DUPLICATE_METHOD_MATCH = YES;
				"CODE_SIGN_IDENTITY[sdk=iphoneos*]" = "iPhone Developer";
				COPY_PHASE_STRIP = NO;
				DEBUG_INFORMATION_FORMAT = dwarf;
				ENABLE_STRICT_OBJC_MSGSEND = YES;
				ENABLE_TESTABILITY = YES;
				GCC_C_LANGUAGE_STANDARD = gnu99;
				GCC_DYNAMIC_NO_PIC = NO;
				GCC_NO_COMMON_BLOCKS = YES;
				GCC_OPTIMIZATION_LEVEL = 0;
				GCC_PREPROCESSOR_DEFINITIONS = (
					"DEBUG=1",
					"$(inherited)",
				);
				GCC_WARN_64_TO_32_BIT_CONVERSION = YES;
				GCC_WARN_ABOUT_RETURN_TYPE = YES_ERROR;
				GCC_WARN_UNDECLARED_SELECTOR = YES;
				GCC_WARN_UNINITIALIZED_AUTOS = YES_AGGRESSIVE;
				GCC_WARN_UNUSED_FUNCTION = YES;
				GCC_WARN_UNUSED_VARIABLE = YES;
				IPHONEOS_DEPLOYMENT_TARGET = 10.0;
				MTL_ENABLE_DEBUG_INFO = YES;
				ONLY_ACTIVE_ARCH = YES;
				SDKROOT = iphoneos;
				SWIFT_ACTIVE_COMPILATION_CONDITIONS = DEBUG;
				SWIFT_OPTIMIZATION_LEVEL = "-Onone";
				TARGETED_DEVICE_FAMILY = "1,2";
			};
			name = Debug;
		};
		96393F451E6E2B2B00B29B96 /* Release */ = {
			isa = XCBuildConfiguration;
			buildSettings = {
				ALWAYS_SEARCH_USER_PATHS = NO;
				CLANG_ANALYZER_NONNULL = YES;
				CLANG_CXX_LANGUAGE_STANDARD = "gnu++0x";
				CLANG_CXX_LIBRARY = "libc++";
				CLANG_ENABLE_MODULES = YES;
				CLANG_ENABLE_OBJC_ARC = YES;
				CLANG_WARN_BOOL_CONVERSION = YES;
				CLANG_WARN_CONSTANT_CONVERSION = YES;
				CLANG_WARN_DIRECT_OBJC_ISA_USAGE = YES_ERROR;
				CLANG_WARN_DOCUMENTATION_COMMENTS = YES;
				CLANG_WARN_EMPTY_BODY = YES;
				CLANG_WARN_ENUM_CONVERSION = YES;
				CLANG_WARN_INFINITE_RECURSION = YES;
				CLANG_WARN_INT_CONVERSION = YES;
				CLANG_WARN_OBJC_ROOT_CLASS = YES_ERROR;
				CLANG_WARN_SUSPICIOUS_MOVES = YES;
				CLANG_WARN_UNREACHABLE_CODE = YES;
				CLANG_WARN__DUPLICATE_METHOD_MATCH = YES;
				"CODE_SIGN_IDENTITY[sdk=iphoneos*]" = "iPhone Developer";
				COPY_PHASE_STRIP = NO;
				DEBUG_INFORMATION_FORMAT = "dwarf-with-dsym";
				ENABLE_NS_ASSERTIONS = NO;
				ENABLE_STRICT_OBJC_MSGSEND = YES;
				GCC_C_LANGUAGE_STANDARD = gnu99;
				GCC_NO_COMMON_BLOCKS = YES;
				GCC_WARN_64_TO_32_BIT_CONVERSION = YES;
				GCC_WARN_ABOUT_RETURN_TYPE = YES_ERROR;
				GCC_WARN_UNDECLARED_SELECTOR = YES;
				GCC_WARN_UNINITIALIZED_AUTOS = YES_AGGRESSIVE;
				GCC_WARN_UNUSED_FUNCTION = YES;
				GCC_WARN_UNUSED_VARIABLE = YES;
				IPHONEOS_DEPLOYMENT_TARGET = 10.0;
				MTL_ENABLE_DEBUG_INFO = NO;
				SDKROOT = iphoneos;
				SWIFT_OPTIMIZATION_LEVEL = "-Owholemodule";
				TARGETED_DEVICE_FAMILY = "1,2";
				VALIDATE_PRODUCT = YES;
			};
			name = Release;
		};
		96393F471E6E2B2B00B29B96 /* Debug */ = {
			isa = XCBuildConfiguration;
			buildSettings = {
				ASSETCATALOG_COMPILER_APPICON_NAME = AppIcon;
				INFOPLIST_FILE = UNITI/Info.plist;
				LD_RUNPATH_SEARCH_PATHS = "$(inherited) @executable_path/Frameworks";
				PRODUCT_BUNDLE_IDENTIFIER = uniti.UNITI;
				PRODUCT_NAME = "$(TARGET_NAME)";
				SWIFT_VERSION = 3.0;
			};
			name = Debug;
		};
		96393F481E6E2B2B00B29B96 /* Release */ = {
			isa = XCBuildConfiguration;
			buildSettings = {
				ASSETCATALOG_COMPILER_APPICON_NAME = AppIcon;
				INFOPLIST_FILE = UNITI/Info.plist;
				LD_RUNPATH_SEARCH_PATHS = "$(inherited) @executable_path/Frameworks";
				PRODUCT_BUNDLE_IDENTIFIER = uniti.UNITI;
				PRODUCT_NAME = "$(TARGET_NAME)";
				SWIFT_VERSION = 3.0;
			};
			name = Release;
		};
		96393F4A1E6E2B2B00B29B96 /* Debug */ = {
			isa = XCBuildConfiguration;
			buildSettings = {
				ALWAYS_EMBED_SWIFT_STANDARD_LIBRARIES = YES;
				BUNDLE_LOADER = "$(TEST_HOST)";
				INFOPLIST_FILE = UNITITests/Info.plist;
				LD_RUNPATH_SEARCH_PATHS = "$(inherited) @executable_path/Frameworks @loader_path/Frameworks";
				PRODUCT_BUNDLE_IDENTIFIER = uniti.UNITITests;
				PRODUCT_NAME = "$(TARGET_NAME)";
				SWIFT_VERSION = 3.0;
				TEST_HOST = "$(BUILT_PRODUCTS_DIR)/UNITI.app/UNITI";
			};
			name = Debug;
		};
		96393F4B1E6E2B2B00B29B96 /* Release */ = {
			isa = XCBuildConfiguration;
			buildSettings = {
				ALWAYS_EMBED_SWIFT_STANDARD_LIBRARIES = YES;
				BUNDLE_LOADER = "$(TEST_HOST)";
				INFOPLIST_FILE = UNITITests/Info.plist;
				LD_RUNPATH_SEARCH_PATHS = "$(inherited) @executable_path/Frameworks @loader_path/Frameworks";
				PRODUCT_BUNDLE_IDENTIFIER = uniti.UNITITests;
				PRODUCT_NAME = "$(TARGET_NAME)";
				SWIFT_VERSION = 3.0;
				TEST_HOST = "$(BUILT_PRODUCTS_DIR)/UNITI.app/UNITI";
			};
			name = Release;
		};
		96393F4D1E6E2B2B00B29B96 /* Debug */ = {
			isa = XCBuildConfiguration;
			buildSettings = {
				ALWAYS_EMBED_SWIFT_STANDARD_LIBRARIES = YES;
				INFOPLIST_FILE = UNITIUITests/Info.plist;
				LD_RUNPATH_SEARCH_PATHS = "$(inherited) @executable_path/Frameworks @loader_path/Frameworks";
				PRODUCT_BUNDLE_IDENTIFIER = uniti.UNITIUITests;
				PRODUCT_NAME = "$(TARGET_NAME)";
				SWIFT_VERSION = 3.0;
				TEST_TARGET_NAME = UNITI;
			};
			name = Debug;
		};
		96393F4E1E6E2B2B00B29B96 /* Release */ = {
			isa = XCBuildConfiguration;
			buildSettings = {
				ALWAYS_EMBED_SWIFT_STANDARD_LIBRARIES = YES;
				INFOPLIST_FILE = UNITIUITests/Info.plist;
				LD_RUNPATH_SEARCH_PATHS = "$(inherited) @executable_path/Frameworks @loader_path/Frameworks";
				PRODUCT_BUNDLE_IDENTIFIER = uniti.UNITIUITests;
				PRODUCT_NAME = "$(TARGET_NAME)";
				SWIFT_VERSION = 3.0;
				TEST_TARGET_NAME = UNITI;
			};
			name = Release;
		};
/* End XCBuildConfiguration section */

/* Begin XCConfigurationList section */
		96393F191E6E2B2B00B29B96 /* Build configuration list for PBXProject "UNITI" */ = {
			isa = XCConfigurationList;
			buildConfigurations = (
				96393F441E6E2B2B00B29B96 /* Debug */,
				96393F451E6E2B2B00B29B96 /* Release */,
			);
			defaultConfigurationIsVisible = 0;
			defaultConfigurationName = Release;
		};
		96393F461E6E2B2B00B29B96 /* Build configuration list for PBXNativeTarget "UNITI" */ = {
			isa = XCConfigurationList;
			buildConfigurations = (
				96393F471E6E2B2B00B29B96 /* Debug */,
				96393F481E6E2B2B00B29B96 /* Release */,
			);
			defaultConfigurationIsVisible = 0;
		};
		96393F491E6E2B2B00B29B96 /* Build configuration list for PBXNativeTarget "UNITITests" */ = {
			isa = XCConfigurationList;
			buildConfigurations = (
				96393F4A1E6E2B2B00B29B96 /* Debug */,
				96393F4B1E6E2B2B00B29B96 /* Release */,
			);
			defaultConfigurationIsVisible = 0;
		};
		96393F4C1E6E2B2B00B29B96 /* Build configuration list for PBXNativeTarget "UNITIUITests" */ = {
			isa = XCConfigurationList;
			buildConfigurations = (
				96393F4D1E6E2B2B00B29B96 /* Debug */,
				96393F4E1E6E2B2B00B29B96 /* Release */,
			);
			defaultConfigurationIsVisible = 0;
		};
/* End XCConfigurationList section */
	};
	rootObject = 96393F161E6E2B2B00B29B96 /* Project object */;
}
